Microsoft Visual Studio Solution File, Format Version 11.00
# Visual Studio 2008

Project("{8F30D2F1-6D4B-D071-15C5-6285B24EC077}") = "DreamTest", "Assembly-UnityScript.unityproj", "{CE175E88-8750-270A-BF70-412D5550B068}"
EndProject
Global
	GlobalSection(SolutionConfigurationPlatforms) = preSolution
		Debug|Any CPU = Debug|Any CPU
		Release|Any CPU = Release|Any CPU
	EndGlobalSection
	GlobalSection(ProjectConfigurationPlatforms) = postSolution
		{CE175E88-8750-270A-BF70-412D5550B068}.Debug|Any CPU.ActiveCfg = Debug|Any CPU
		{CE175E88-8750-270A-BF70-412D5550B068}.Debug|Any CPU.Build.0 = Debug|Any CPU
		{CE175E88-8750-270A-BF70-412D5550B068}.Release|Any CPU.ActiveCfg = Release|Any CPU
		{CE175E88-8750-270A-BF70-412D5550B068}.Release|Any CPU.Build.0 = Release|Any CPU
	EndGlobalSection
	GlobalSection(SolutionProperties) = preSolution
		HideSolutionNode = FALSE
	EndGlobalSection
	GlobalSection(MonoDevelopProperties) = preSolution
		StartupItem = Assembly-CSharp.csproj
	EndGlobalSection
EndGlobal
